
Microsoft Visual Studio Solution File, Format Version 12.00
# Visual Studio 15
VisualStudioVersion = 15.0.27004.2009
MinimumVisualStudioVersion = 10.0.40219.1
Project("{FAE04EC0-301F-11D3-BF4B-00C04F79EFBC}") = "Kamina.Console", "Kamina.Console\Kamina.Console.csproj", "{5DBAA0A1-2A1B-4BAE-BD3A-55EFB967389A}"
EndProject
Project("{FAE04EC0-301F-11D3-BF4B-00C04F79EFBC}") = "Kamina.Common", "Kamina.Common\Kamina.Common.csproj", "{4A210046-86B0-4188-B147-9B536E47B4C5}"
EndProject
Project("{FAE04EC0-301F-11D3-BF4B-00C04F79EFBC}") = "Kamina.Contracts", "Kamina.Contracts\Kamina.Contracts.csproj", "{F52AF8DA-E0CE-4E23-8793-A9D5D841644F}"
EndProject
Project("{FAE04EC0-301F-11D3-BF4B-00C04F79EFBC}") = "Kamina.DataAccess", "Kamina.DataAccess\Kamina.DataAccess.csproj", "{A5F78C30-5BEE-4441-888D-800F22EB4B49}"
EndProject
Project("{FAE04EC0-301F-11D3-BF4B-00C04F79EFBC}") = "Kamina.Logic", "Kamina.Logic\Kamina.Logic.csproj", "{A4225B8E-02AB-4894-8A4E-DFA420E3F294}"
EndProject
Global
	GlobalSection(SolutionConfigurationPlatforms) = preSolution
		Debug|Any CPU = Debug|Any CPU
		Debug|ARM = Debug|ARM
		Debug|x64 = Debug|x64
		Debug|x86 = Debug|x86
		Release|Any CPU = Release|Any CPU
		Release|ARM = Release|ARM
		Release|x64 = Release|x64
		Release|x86 = Release|x86
	EndGlobalSection
	GlobalSection(ProjectConfigurationPlatforms) = postSolution
		{5DBAA0A1-2A1B-4BAE-BD3A-55EFB967389A}.Debug|Any CPU.ActiveCfg = Debug|Any CPU
		{5DBAA0A1-2A1B-4BAE-BD3A-55EFB967389A}.Debug|Any CPU.Build.0 = Debug|Any CPU
		{5DBAA0A1-2A1B-4BAE-BD3A-55EFB967389A}.Debug|ARM.ActiveCfg = Debug|Any CPU
		{5DBAA0A1-2A1B-4BAE-BD3A-55EFB967389A}.Debug|ARM.Build.0 = Debug|Any CPU
		{5DBAA0A1-2A1B-4BAE-BD3A-55EFB967389A}.Debug|x64.ActiveCfg = Debug|Any CPU
		{5DBAA0A1-2A1B-4BAE-BD3A-55EFB967389A}.Debug|x64.Build.0 = Debug|Any CPU
		{5DBAA0A1-2A1B-4BAE-BD3A-55EFB967389A}.Debug|x86.ActiveCfg = Debug|Any CPU
		{5DBAA0A1-2A1B-4BAE-BD3A-55EFB967389A}.Debug|x86.Build.0 = Debug|Any CPU
		{5DBAA0A1-2A1B-4BAE-BD3A-55EFB967389A}.Release|Any CPU.ActiveCfg = Release|Any CPU
		{5DBAA0A1-2A1B-4BAE-BD3A-55EFB967389A}.Release|Any CPU.Build.0 = Release|Any CPU
		{5DBAA0A1-2A1B-4BAE-BD3A-55EFB967389A}.Release|ARM.ActiveCfg = Release|Any CPU
		{5DBAA0A1-2A1B-4BAE-BD3A-55EFB967389A}.Release|ARM.Build.0 = Release|Any CPU
		{5DBAA0A1-2A1B-4BAE-BD3A-55EFB967389A}.Release|x64.ActiveCfg = Release|Any CPU
		{5DBAA0A1-2A1B-4BAE-BD3A-55EFB967389A}.Release|x64.Build.0 = Release|Any CPU
		{5DBAA0A1-2A1B-4BAE-BD3A-55EFB967389A}.Release|x86.ActiveCfg = Release|Any CPU
		{5DBAA0A1-2A1B-4BAE-BD3A-55EFB967389A}.Release|x86.Build.0 = Release|Any CPU
		{4A210046-86B0-4188-B147-9B536E47B4C5}.Debug|Any CPU.ActiveCfg = Debug|Any CPU
		{4A210046-86B0-4188-B147-9B536E47B4C5}.Debug|Any CPU.Build.0 = Debug|Any CPU
		{4A210046-86B0-4188-B147-9B536E47B4C5}.Debug|ARM.ActiveCfg = Debug|Any CPU
		{4A210046-86B0-4188-B147-9B536E47B4C5}.Debug|ARM.Build.0 = Debug|Any CPU
		{4A210046-86B0-4188-B147-9B536E47B4C5}.Debug|x64.ActiveCfg = Debug|Any CPU
		{4A210046-86B0-4188-B147-9B536E47B4C5}.Debug|x64.Build.0 = Debug|Any CPU
		{4A210046-86B0-4188-B147-9B536E47B4C5}.Debug|x86.ActiveCfg = Debug|Any CPU
		{4A210046-86B0-4188-B147-9B536E47B4C5}.Debug|x86.Build.0 = Debug|Any CPU
		{4A210046-86B0-4188-B147-9B536E47B4C5}.Release|Any CPU.ActiveCfg = Release|Any CPU
		{4A210046-86B0-4188-B147-9B536E47B4C5}.Release|Any CPU.Build.0 = Release|Any CPU
		{4A210046-86B0-4188-B147-9B536E47B4C5}.Release|ARM.ActiveCfg = Release|Any CPU
		{4A210046-86B0-4188-B147-9B536E47B4C5}.Release|ARM.Build.0 = Release|Any CPU
		{4A210046-86B0-4188-B147-9B536E47B4C5}.Release|x64.ActiveCfg = Release|Any CPU
		{4A210046-86B0-4188-B147-9B536E47B4C5}.Release|x64.Build.0 = Release|Any CPU
		{4A210046-86B0-4188-B147-9B536E47B4C5}.Release|x86.ActiveCfg = Release|Any CPU
		{4A210046-86B0-4188-B147-9B536E47B4C5}.Release|x86.Build.0 = Release|Any CPU
		{F52AF8DA-E0CE-4E23-8793-A9D5D841644F}.Debug|Any CPU.ActiveCfg = Debug|Any CPU
		{F52AF8DA-E0CE-4E23-8793-A9D5D841644F}.Debug|Any CPU.Build.0 = Debug|Any CPU
		{F52AF8DA-E0CE-4E23-8793-A9D5D841644F}.Debug|ARM.ActiveCfg = Debug|Any CPU
		{F52AF8DA-E0CE-4E23-8793-A9D5D841644F}.Debug|ARM.Build.0 = Debug|Any CPU
		{F52AF8DA-E0CE-4E23-8793-A9D5D841644F}.Debug|x64.ActiveCfg = Debug|Any CPU
		{F52AF8DA-E0CE-4E23-8793-A9D5D841644F}.Debug|x64.Build.0 = Debug|Any CPU
		{F52AF8DA-E0CE-4E23-8793-A9D5D841644F}.Debug|x86.ActiveCfg = Debug|Any CPU
		{F52AF8DA-E0CE-4E23-8793-A9D5D841644F}.Debug|x86.Build.0 = Debug|Any CPU
		{F52AF8DA-E0CE-4E23-8793-A9D5D841644F}.Release|Any CPU.ActiveCfg = Release|Any CPU
		{F52AF8DA-E0CE-4E23-8793-A9D5D841644F}.Release|Any CPU.Build.0 = Release|Any CPU
		{F52AF8DA-E0CE-4E23-8793-A9D5D841644F}.Release|ARM.ActiveCfg = Release|Any CPU
		{F52AF8DA-E0CE-4E23-8793-A9D5D841644F}.Release|ARM.Build.0 = Release|Any CPU
		{F52AF8DA-E0CE-4E23-8793-A9D5D841644F}.Release|x64.ActiveCfg = Release|Any CPU
		{F52AF8DA-E0CE-4E23-8793-A9D5D841644F}.Release|x64.Build.0 = Release|Any CPU
		{F52AF8DA-E0CE-4E23-8793-A9D5D841644F}.Release|x86.ActiveCfg = Release|Any CPU
		{F52AF8DA-E0CE-4E23-8793-A9D5D841644F}.Release|x86.Build.0 = Release|Any CPU
		{A5F78C30-5BEE-4441-888D-800F22EB4B49}.Debug|Any CPU.ActiveCfg = Debug|Any CPU
		{A5F78C30-5BEE-4441-888D-800F22EB4B49}.Debug|Any CPU.Build.0 = Debug|Any CPU
		{A5F78C30-5BEE-4441-888D-800F22EB4B49}.Debug|ARM.ActiveCfg = Debug|Any CPU
		{A5F78C30-5BEE-4441-888D-800F22EB4B49}.Debug|ARM.Build.0 = Debug|Any CPU
		{A5F78C30-5BEE-4441-888D-800F22EB4B49}.Debug|x64.ActiveCfg = Debug|Any CPU
		{A5F78C30-5BEE-4441-888D-800F22EB4B49}.Debug|x64.Build.0 = Debug|Any CPU
		{A5F78C30-5BEE-4441-888D-800F22EB4B49}.Debug|x86.ActiveCfg = Debug|Any CPU
		{A5F78C30-5BEE-4441-888D-800F22EB4B49}.Debug|x86.Build.0 = Debug|Any CPU
		{A5F78C30-5BEE-4441-888D-800F22EB4B49}.Release|Any CPU.ActiveCfg = Release|Any CPU
		{A5F78C30-5BEE-4441-888D-800F22EB4B49}.Release|Any CPU.Build.0 = Release|Any CPU
		{A5F78C30-5BEE-4441-888D-800F22EB4B49}.Release|ARM.ActiveCfg = Release|Any CPU
		{A5F78C30-5BEE-4441-888D-800F22EB4B49}.Release|ARM.Build.0 = Release|Any CPU
		{A5F78C30-5BEE-4441-888D-800F22EB4B49}.Release|x64.ActiveCfg = Release|Any CPU
		{A5F78C30-5BEE-4441-888D-800F22EB4B49}.Release|x64.Build.0 = Release|Any CPU
		{A5F78C30-5BEE-4441-888D-800F22EB4B49}.Release|x86.ActiveCfg = Release|Any CPU
		{A5F78C30-5BEE-4441-888D-800F22EB4B49}.Release|x86.Build.0 = Release|Any CPU
		{A4225B8E-02AB-4894-8A4E-DFA420E3F294}.Debug|Any CPU.ActiveCfg = Debug|Any CPU
		{A4225B8E-02AB-4894-8A4E-DFA420E3F294}.Debug|Any CPU.Build.0 = Debug|Any CPU
		{A4225B8E-02AB-4894-8A4E-DFA420E3F294}.Debug|ARM.ActiveCfg = Debug|Any CPU
		{A4225B8E-02AB-4894-8A4E-DFA420E3F294}.Debug|ARM.Build.0 = Debug|Any CPU
		{A4225B8E-02AB-4894-8A4E-DFA420E3F294}.Debug|x64.ActiveCfg = Debug|Any CPU
		{A4225B8E-02AB-4894-8A4E-DFA420E3F294}.Debug|x64.Build.0 = Debug|Any CPU
		{A4225B8E-02AB-4894-8A4E-DFA420E3F294}.Debug|x86.ActiveCfg = Debug|Any CPU
		{A4225B8E-02AB-4894-8A4E-DFA420E3F294}.Debug|x86.Build.0 = Debug|Any CPU
		{A4225B8E-02AB-4894-8A4E-DFA420E3F294}.Release|Any CPU.ActiveCfg = Release|Any CPU
		{A4225B8E-02AB-4894-8A4E-DFA420E3F294}.Release|Any CPU.Build.0 = Release|Any CPU
		{A4225B8E-02AB-4894-8A4E-DFA420E3F294}.Release|ARM.ActiveCfg = Release|Any CPU
		{A4225B8E-02AB-4894-8A4E-DFA420E3F294}.Release|ARM.Build.0 = Release|Any CPU
		{A4225B8E-02AB-4894-8A4E-DFA420E3F294}.Release|x64.ActiveCfg = Release|Any CPU
		{A4225B8E-02AB-4894-8A4E-DFA420E3F294}.Release|x64.Build.0 = Release|Any CPU
		{A4225B8E-02AB-4894-8A4E-DFA420E3F294}.Release|x86.ActiveCfg = Release|Any CPU
		{A4225B8E-02AB-4894-8A4E-DFA420E3F294}.Release|x86.Build.0 = Release|Any CPU
	EndGlobalSection
	GlobalSection(SolutionProperties) = preSolution
		HideSolutionNode = FALSE
	EndGlobalSection
	GlobalSection(ExtensibilityGlobals) = postSolution
		SolutionGuid = {FDB7ED8C-D979-4096-9B6F-31CEF06814E3}
	EndGlobalSection
EndGlobal
